
Microsoft Visual Studio Solution File, Format Version 12.00
# Visual Studio Version 16
VisualStudioVersion = 16.0.32106.194
MinimumVisualStudioVersion = 10.0.40219.1
Project("{FAE04EC0-301F-11D3-BF4B-00C04F79EFBC}") = "AstraRekrutacja", "AstraRekrutacja\AstraRekrutacja.csproj", "{A93A96B9-B382-4A4F-ABC3-1960C68AD138}"
EndProject
Project("{FAE04EC0-301F-11D3-BF4B-00C04F79EFBC}") = "AstraRekrutacja.Data", "AstraRekrutacja.Data\AstraRekrutacja.Data.csproj", "{1E27F9FD-711F-4594-A203-03FB4F2D87B7}"
EndProject
Project("{FAE04EC0-301F-11D3-BF4B-00C04F79EFBC}") = "AstraRekrutacja.Services", "AstraRekrutacja.Services\AstraRekrutacja.Services.csproj", "{754B61D1-0AFF-42E2-B987-26B042BB4E87}"
EndProject
Global
	GlobalSection(SolutionConfigurationPlatforms) = preSolution
		Debug|Any CPU = Debug|Any CPU
		Release|Any CPU = Release|Any CPU
	EndGlobalSection
	GlobalSection(ProjectConfigurationPlatforms) = postSolution
		{A93A96B9-B382-4A4F-ABC3-1960C68AD138}.Debug|Any CPU.ActiveCfg = Debug|Any CPU
		{A93A96B9-B382-4A4F-ABC3-1960C68AD138}.Debug|Any CPU.Build.0 = Debug|Any CPU
		{A93A96B9-B382-4A4F-ABC3-1960C68AD138}.Release|Any CPU.ActiveCfg = Release|Any CPU
		{A93A96B9-B382-4A4F-ABC3-1960C68AD138}.Release|Any CPU.Build.0 = Release|Any CPU
		{1E27F9FD-711F-4594-A203-03FB4F2D87B7}.Debug|Any CPU.ActiveCfg = Debug|Any CPU
		{1E27F9FD-711F-4594-A203-03FB4F2D87B7}.Debug|Any CPU.Build.0 = Debug|Any CPU
		{1E27F9FD-711F-4594-A203-03FB4F2D87B7}.Release|Any CPU.ActiveCfg = Release|Any CPU
		{1E27F9FD-711F-4594-A203-03FB4F2D87B7}.Release|Any CPU.Build.0 = Release|Any CPU
		{754B61D1-0AFF-42E2-B987-26B042BB4E87}.Debug|Any CPU.ActiveCfg = Debug|Any CPU
		{754B61D1-0AFF-42E2-B987-26B042BB4E87}.Debug|Any CPU.Build.0 = Debug|Any CPU
		{754B61D1-0AFF-42E2-B987-26B042BB4E87}.Release|Any CPU.ActiveCfg = Release|Any CPU
		{754B61D1-0AFF-42E2-B987-26B042BB4E87}.Release|Any CPU.Build.0 = Release|Any CPU
	EndGlobalSection
	GlobalSection(SolutionProperties) = preSolution
		HideSolutionNode = FALSE
	EndGlobalSection
	GlobalSection(ExtensibilityGlobals) = postSolution
		SolutionGuid = {FD680405-AF12-4831-B780-4D8BBE5860A5}
	EndGlobalSection
EndGlobal
